// !$*UTF8*$!
{
	archiveVersion = 1;
	classes = {
	};
	objectVersion = 46;
	objects = {

/* Begin PBXBuildFile section */
		054CC7271D0292DD00526FF8 /* main.m in Sources */ = {isa = PBXBuildFile; fileRef = 054CC7261D0292DD00526FF8 /* main.m */; };
		054CC72A1D0292DD00526FF8 /* AppDelegate.m in Sources */ = {isa = PBXBuildFile; fileRef = 054CC7291D0292DD00526FF8 /* AppDelegate.m */; };
		054CC72D1D0292DD00526FF8 /* ViewController.m in Sources */ = {isa = PBXBuildFile; fileRef = 054CC72C1D0292DD00526FF8 /* ViewController.m */; };
		054CC7301D0292DD00526FF8 /* Main.storyboard in Resources */ = {isa = PBXBuildFile; fileRef = 054CC72E1D0292DD00526FF8 /* Main.storyboard */; };
		054CC7321D0292DD00526FF8 /* Assets.xcassets in Resources */ = {isa = PBXBuildFile; fileRef = 054CC7311D0292DD00526FF8 /* Assets.xcassets */; };
		054CC7351D0292DD00526FF8 /* LaunchScreen.storyboard in Resources */ = {isa = PBXBuildFile; fileRef = 054CC7331D0292DD00526FF8 /* LaunchScreen.storyboard */; };
		054CC7401D0292DD00526FF8 /* RememberMeTests.m in Sources */ = {isa = PBXBuildFile; fileRef = 054CC73F1D0292DD00526FF8 /* RememberMeTests.m */; };
		054CC74B1D0292DD00526FF8 /* RememberMeUITests.m in Sources */ = {isa = PBXBuildFile; fileRef = 054CC74A1D0292DD00526FF8 /* RememberMeUITests.m */; };
		054CC7791D0299A700526FF8 /* TrackService.m in Sources */ = {isa = PBXBuildFile; fileRef = 054CC7781D0299A700526FF8 /* TrackService.m */; };
		054CC77D1D0299F800526FF8 /* Track.m in Sources */ = {isa = PBXBuildFile; fileRef = 054CC77C1D0299F800526FF8 /* Track.m */; };
/* End PBXBuildFile section */

/* Begin PBXContainerItemProxy section */
		054CC73C1D0292DD00526FF8 /* PBXContainerItemProxy */ = {
			isa = PBXContainerItemProxy;
			containerPortal = 054CC71A1D0292DD00526FF8 /* Project object */;
			proxyType = 1;
			remoteGlobalIDString = 054CC7211D0292DD00526FF8;
			remoteInfo = RememberMe;
		};
		054CC7471D0292DD00526FF8 /* PBXContainerItemProxy */ = {
			isa = PBXContainerItemProxy;
			containerPortal = 054CC71A1D0292DD00526FF8 /* Project object */;
			proxyType = 1;
			remoteGlobalIDString = 054CC7211D0292DD00526FF8;
			remoteInfo = RememberMe;
		};
/* End PBXContainerItemProxy section */

/* Begin PBXFileReference section */
		054CC7221D0292DD00526FF8 /* RememberMe.app */ = {isa = PBXFileReference; explicitFileType = wrapper.application; includeInIndex = 0; path = RememberMe.app; sourceTree = BUILT_PRODUCTS_DIR; };
		054CC7261D0292DD00526FF8 /* main.m */ = {isa = PBXFileReference; lastKnownFileType = sourcecode.c.objc; path = main.m; sourceTree = "<group>"; };
		054CC7281D0292DD00526FF8 /* AppDelegate.h */ = {isa = PBXFileReference; lastKnownFileType = sourcecode.c.h; path = AppDelegate.h; sourceTree = "<group>"; };
		054CC7291D0292DD00526FF8 /* AppDelegate.m */ = {isa = PBXFileReference; lastKnownFileType = sourcecode.c.objc; path = AppDelegate.m; sourceTree = "<group>"; };
		054CC72B1D0292DD00526FF8 /* ViewController.h */ = {isa = PBXFileReference; lastKnownFileType = sourcecode.c.h; path = ViewController.h; sourceTree = "<group>"; };
		054CC72C1D0292DD00526FF8 /* ViewController.m */ = {isa = PBXFileReference; lastKnownFileType = sourcecode.c.objc; path = ViewController.m; sourceTree = "<group>"; };
		054CC72F1D0292DD00526FF8 /* Base */ = {isa = PBXFileReference; lastKnownFileType = file.storyboard; name = Base; path = Base.lproj/Main.storyboard; sourceTree = "<group>"; };
		054CC7311D0292DD00526FF8 /* Assets.xcassets */ = {isa = PBXFileReference; lastKnownFileType = folder.assetcatalog; path = Assets.xcassets; sourceTree = "<group>"; };
		054CC7341D0292DD00526FF8 /* Base */ = {isa = PBXFileReference; lastKnownFileType = file.storyboard; name = Base; path = Base.lproj/LaunchScreen.storyboard; sourceTree = "<group>"; };
		054CC7361D0292DD00526FF8 /* Info.plist */ = {isa = PBXFileReference; lastKnownFileType = text.plist.xml; path = Info.plist; sourceTree = "<group>"; };
		054CC73B1D0292DD00526FF8 /* RememberMeTests.xctest */ = {isa = PBXFileReference; explicitFileType = wrapper.cfbundle; includeInIndex = 0; path = RememberMeTests.xctest; sourceTree = BUILT_PRODUCTS_DIR; };
		054CC73F1D0292DD00526FF8 /* RememberMeTests.m */ = {isa = PBXFileReference; lastKnownFileType = sourcecode.c.objc; path = RememberMeTests.m; sourceTree = "<group>"; };
		054CC7411D0292DD00526FF8 /* Info.plist */ = {isa = PBXFileReference; lastKnownFileType = text.plist.xml; path = Info.plist; sourceTree = "<group>"; };
		054CC7461D0292DD00526FF8 /* RememberMeUITests.xctest */ = {isa = PBXFileReference; explicitFileType = wrapper.cfbundle; includeInIndex = 0; path = RememberMeUITests.xctest; sourceTree = BUILT_PRODUCTS_DIR; };
		054CC74A1D0292DD00526FF8 /* RememberMeUITests.m */ = {isa = PBXFileReference; lastKnownFileType = sourcecode.c.objc; path = RememberMeUITests.m; sourceTree = "<group>"; };
		054CC74C1D0292DD00526FF8 /* Info.plist */ = {isa = PBXFileReference; lastKnownFileType = text.plist.xml; path = Info.plist; sourceTree = "<group>"; };
		054CC7771D0299A700526FF8 /* TrackService.h */ = {isa = PBXFileReference; fileEncoding = 4; lastKnownFileType = sourcecode.c.h; path = TrackService.h; sourceTree = "<group>"; };
		054CC7781D0299A700526FF8 /* TrackService.m */ = {isa = PBXFileReference; fileEncoding = 4; lastKnownFileType = sourcecode.c.objc; path = TrackService.m; sourceTree = "<group>"; };
		054CC77B1D0299F800526FF8 /* Track.h */ = {isa = PBXFileReference; fileEncoding = 4; lastKnownFileType = sourcecode.c.h; path = Track.h; sourceTree = "<group>"; };
		054CC77C1D0299F800526FF8 /* Track.m */ = {isa = PBXFileReference; fileEncoding = 4; lastKnownFileType = sourcecode.c.objc; path = Track.m; sourceTree = "<group>"; };
/* End PBXFileReference section */

/* Begin PBXFrameworksBuildPhase section */
		054CC71F1D0292DD00526FF8 /* Frameworks */ = {
			isa = PBXFrameworksBuildPhase;
			buildActionMask = 2147483647;
			files = (
			);
			runOnlyForDeploymentPostprocessing = 0;
		};
		054CC7381D0292DD00526FF8 /* Frameworks */ = {
			isa = PBXFrameworksBuildPhase;
			buildActionMask = 2147483647;
			files = (
			);
			runOnlyForDeploymentPostprocessing = 0;
		};
		054CC7431D0292DD00526FF8 /* Frameworks */ = {
			isa = PBXFrameworksBuildPhase;
			buildActionMask = 2147483647;
			files = (
			);
			runOnlyForDeploymentPostprocessing = 0;
		};
/* End PBXFrameworksBuildPhase section */

/* Begin PBXGroup section */
		054CC7191D0292DD00526FF8 = {
			isa = PBXGroup;
			children = (
				054CC7241D0292DD00526FF8 /* RememberMe */,
				054CC73E1D0292DD00526FF8 /* RememberMeTests */,
				054CC7491D0292DD00526FF8 /* RememberMeUITests */,
				054CC7231D0292DD00526FF8 /* Products */,
			);
			sourceTree = "<group>";
		};
		054CC7231D0292DD00526FF8 /* Products */ = {
			isa = PBXGroup;
			children = (
				054CC7221D0292DD00526FF8 /* RememberMe.app */,
				054CC73B1D0292DD00526FF8 /* RememberMeTests.xctest */,
				054CC7461D0292DD00526FF8 /* RememberMeUITests.xctest */,
			);
			name = Products;
			sourceTree = "<group>";
		};
		054CC7241D0292DD00526FF8 /* RememberMe */ = {
			isa = PBXGroup;
			children = (
				054CC77A1D0299DC00526FF8 /* Models */,
				054CC7581D0298E900526FF8 /* Services */,
				054CC7281D0292DD00526FF8 /* AppDelegate.h */,
				054CC7291D0292DD00526FF8 /* AppDelegate.m */,
				054CC72B1D0292DD00526FF8 /* ViewController.h */,
				054CC72C1D0292DD00526FF8 /* ViewController.m */,
				054CC72E1D0292DD00526FF8 /* Main.storyboard */,
				054CC7311D0292DD00526FF8 /* Assets.xcassets */,
				054CC7331D0292DD00526FF8 /* LaunchScreen.storyboard */,
				054CC7361D0292DD00526FF8 /* Info.plist */,
				054CC7251D0292DD00526FF8 /* Supporting Files */,
			);
			path = RememberMe;
			sourceTree = "<group>";
		};
		054CC7251D0292DD00526FF8 /* Supporting Files */ = {
			isa = PBXGroup;
			children = (
				054CC7261D0292DD00526FF8 /* main.m */,
			);
			name = "Supporting Files";
			sourceTree = "<group>";
		};
		054CC73E1D0292DD00526FF8 /* RememberMeTests */ = {
			isa = PBXGroup;
			children = (
				054CC73F1D0292DD00526FF8 /* RememberMeTests.m */,
				054CC7411D0292DD00526FF8 /* Info.plist */,
			);
			path = RememberMeTests;
			sourceTree = "<group>";
		};
		054CC7491D0292DD00526FF8 /* RememberMeUITests */ = {
			isa = PBXGroup;
			children = (
				054CC74A1D0292DD00526FF8 /* RememberMeUITests.m */,
				054CC74C1D0292DD00526FF8 /* Info.plist */,
			);
			path = RememberMeUITests;
			sourceTree = "<group>";
		};
		054CC7581D0298E900526FF8 /* Services */ = {
			isa = PBXGroup;
			children = (
				054CC7771D0299A700526FF8 /* TrackService.h */,
				054CC7781D0299A700526FF8 /* TrackService.m */,
			);
			path = Services;
			sourceTree = "<group>";
		};
		054CC77A1D0299DC00526FF8 /* Models */ = {
			isa = PBXGroup;
			children = (
				054CC77B1D0299F800526FF8 /* Track.h */,
				054CC77C1D0299F800526FF8 /* Track.m */,
			);
			name = Models;
			path = RememberMe/Models;
			sourceTree = SOURCE_ROOT;
		};
/* End PBXGroup section */

/* Begin PBXNativeTarget section */
		054CC7211D0292DD00526FF8 /* RememberMe */ = {
			isa = PBXNativeTarget;
			buildConfigurationList = 054CC74F1D0292DD00526FF8 /* Build configuration list for PBXNativeTarget "RememberMe" */;
			buildPhases = (
				054CC71E1D0292DD00526FF8 /* Sources */,
				054CC71F1D0292DD00526FF8 /* Frameworks */,
				054CC7201D0292DD00526FF8 /* Resources */,
			);
			buildRules = (
			);
			dependencies = (
			);
			name = RememberMe;
			productName = RememberMe;
			productReference = 054CC7221D0292DD00526FF8 /* RememberMe.app */;
			productType = "com.apple.product-type.application";
		};
		054CC73A1D0292DD00526FF8 /* RememberMeTests */ = {
			isa = PBXNativeTarget;
			buildConfigurationList = 054CC7521D0292DD00526FF8 /* Build configuration list for PBXNativeTarget "RememberMeTests" */;
			buildPhases = (
				054CC7371D0292DD00526FF8 /* Sources */,
				054CC7381D0292DD00526FF8 /* Frameworks */,
				054CC7391D0292DD00526FF8 /* Resources */,
			);
			buildRules = (
			);
			dependencies = (
				054CC73D1D0292DD00526FF8 /* PBXTargetDependency */,
			);
			name = RememberMeTests;
			productName = RememberMeTests;
			productReference = 054CC73B1D0292DD00526FF8 /* RememberMeTests.xctest */;
			productType = "com.apple.product-type.bundle.unit-test";
		};
		054CC7451D0292DD00526FF8 /* RememberMeUITests */ = {
			isa = PBXNativeTarget;
			buildConfigurationList = 054CC7551D0292DD00526FF8 /* Build configuration list for PBXNativeTarget "RememberMeUITests" */;
			buildPhases = (
				054CC7421D0292DD00526FF8 /* Sources */,
				054CC7431D0292DD00526FF8 /* Frameworks */,
				054CC7441D0292DD00526FF8 /* Resources */,
			);
			buildRules = (
			);
			dependencies = (
				054CC7481D0292DD00526FF8 /* PBXTargetDependency */,
			);
			name = RememberMeUITests;
			productName = RememberMeUITests;
			productReference = 054CC7461D0292DD00526FF8 /* RememberMeUITests.xctest */;
			productType = "com.apple.product-type.bundle.ui-testing";
		};
/* End PBXNativeTarget section */

/* Begin PBXProject section */
		054CC71A1D0292DD00526FF8 /* Project object */ = {
			isa = PBXProject;
			attributes = {
				LastUpgradeCheck = 0730;
				ORGANIZATIONNAME = "Vohra, Nikant";
				TargetAttributes = {
					054CC7211D0292DD00526FF8 = {
						CreatedOnToolsVersion = 7.3;
					};
					054CC73A1D0292DD00526FF8 = {
						CreatedOnToolsVersion = 7.3;
						TestTargetID = 054CC7211D0292DD00526FF8;
					};
					054CC7451D0292DD00526FF8 = {
						CreatedOnToolsVersion = 7.3;
						TestTargetID = 054CC7211D0292DD00526FF8;
					};
				};
			};
			buildConfigurationList = 054CC71D1D0292DD00526FF8 /* Build configuration list for PBXProject "RememberMe" */;
			compatibilityVersion = "Xcode 3.2";
			developmentRegion = English;
			hasScannedForEncodings = 0;
			knownRegions = (
				en,
				Base,
			);
			mainGroup = 054CC7191D0292DD00526FF8;
			productRefGroup = 054CC7231D0292DD00526FF8 /* Products */;
			projectDirPath = "";
			projectRoot = "";
			targets = (
				054CC7211D0292DD00526FF8 /* RememberMe */,
				054CC73A1D0292DD00526FF8 /* RememberMeTests */,
				054CC7451D0292DD00526FF8 /* RememberMeUITests */,
			);
		};
/* End PBXProject section */

/* Begin PBXResourcesBuildPhase section */
		054CC7201D0292DD00526FF8 /* Resources */ = {
			isa = PBXResourcesBuildPhase;
			buildActionMask = 2147483647;
			files = (
				054CC7351D0292DD00526FF8 /* LaunchScreen.storyboard in Resources */,
				054CC7321D0292DD00526FF8 /* Assets.xcassets in Resources */,
				054CC7301D0292DD00526FF8 /* Main.storyboard in Resources */,
			);
			runOnlyForDeploymentPostprocessing = 0;
		};
		054CC7391D0292DD00526FF8 /* Resources */ = {
			isa = PBXResourcesBuildPhase;
			buildActionMask = 2147483647;
			files = (
			);
			runOnlyForDeploymentPostprocessing = 0;
		};
		054CC7441D0292DD00526FF8 /* Resources */ = {
			isa = PBXResourcesBuildPhase;
			buildActionMask = 2147483647;
			files = (
			);
			runOnlyForDeploymentPostprocessing = 0;
		};
/* End PBXResourcesBuildPhase section */

/* Begin PBXSourcesBuildPhase section */
		054CC71E1D0292DD00526FF8 /* Sources */ = {
			isa = PBXSourcesBuildPhase;
			buildActionMask = 2147483647;
			files = (
				054CC72D1D0292DD00526FF8 /* ViewController.m in Sources */,
				054CC72A1D0292DD00526FF8 /* AppDelegate.m in Sources */,
				054CC7271D0292DD00526FF8 /* main.m in Sources */,
				054CC77D1D0299F800526FF8 /* Track.m in Sources */,
				054CC7791D0299A700526FF8 /* TrackService.m in Sources */,
			);
			runOnlyForDeploymentPostprocessing = 0;
		};
		054CC7371D0292DD00526FF8 /* Sources */ = {
			isa = PBXSourcesBuildPhase;
			buildActionMask = 2147483647;
			files = (
				054CC7401D0292DD00526FF8 /* RememberMeTests.m in Sources */,
			);
			runOnlyForDeploymentPostprocessing = 0;
		};
		054CC7421D0292DD00526FF8 /* Sources */ = {
			isa = PBXSourcesBuildPhase;
			buildActionMask = 2147483647;
			files = (
				054CC74B1D0292DD00526FF8 /* RememberMeUITests.m in Sources */,
			);
			runOnlyForDeploymentPostprocessing = 0;
		};
/* End PBXSourcesBuildPhase section */

/* Begin PBXTargetDependency section */
		054CC73D1D0292DD00526FF8 /* PBXTargetDependency */ = {
			isa = PBXTargetDependency;
			target = 054CC7211D0292DD00526FF8 /* RememberMe */;
			targetProxy = 054CC73C1D0292DD00526FF8 /* PBXContainerItemProxy */;
		};
		054CC7481D0292DD00526FF8 /* PBXTargetDependency */ = {
			isa = PBXTargetDependency;
			target = 054CC7211D0292DD00526FF8 /* RememberMe */;
			targetProxy = 054CC7471D0292DD00526FF8 /* PBXContainerItemProxy */;
		};
/* End PBXTargetDependency section */

/* Begin PBXVariantGroup section */
		054CC72E1D0292DD00526FF8 /* Main.storyboard */ = {
			isa = PBXVariantGroup;
			children = (
				054CC72F1D0292DD00526FF8 /* Base */,
			);
			name = Main.storyboard;
			sourceTree = "<group>";
		};
		054CC7331D0292DD00526FF8 /* LaunchScreen.storyboard */ = {
			isa = PBXVariantGroup;
			children = (
				054CC7341D0292DD00526FF8 /* Base */,
			);
			name = LaunchScreen.storyboard;
			sourceTree = "<group>";
		};
/* End PBXVariantGroup section */

/* Begin XCBuildConfiguration section */
		054CC74D1D0292DD00526FF8 /* Debug */ = {
			isa = XCBuildConfiguration;
			buildSettings = {
				ALWAYS_SEARCH_USER_PATHS = NO;
				CLANG_ANALYZER_NONNULL = YES;
				CLANG_CXX_LANGUAGE_STANDARD = "gnu++0x";
				CLANG_CXX_LIBRARY = "libc++";
				CLANG_ENABLE_MODULES = YES;
				CLANG_ENABLE_OBJC_ARC = YES;
				CLANG_WARN_BOOL_CONVERSION = YES;
				CLANG_WARN_CONSTANT_CONVERSION = YES;
				CLANG_WARN_DIRECT_OBJC_ISA_USAGE = YES_ERROR;
				CLANG_WARN_EMPTY_BODY = YES;
				CLANG_WARN_ENUM_CONVERSION = YES;
				CLANG_WARN_INT_CONVERSION = YES;
				CLANG_WARN_OBJC_ROOT_CLASS = YES_ERROR;
				CLANG_WARN_UNREACHABLE_CODE = YES;
				CLANG_WARN__DUPLICATE_METHOD_MATCH = YES;
				"CODE_SIGN_IDENTITY[sdk=iphoneos*]" = "iPhone Developer";
				COPY_PHASE_STRIP = NO;
				DEBUG_INFORMATION_FORMAT = dwarf;
				ENABLE_STRICT_OBJC_MSGSEND = YES;
				ENABLE_TESTABILITY = YES;
				GCC_C_LANGUAGE_STANDARD = gnu99;
				GCC_DYNAMIC_NO_PIC = NO;
				GCC_NO_COMMON_BLOCKS = YES;
				GCC_OPTIMIZATION_LEVEL = 0;
				GCC_PREPROCESSOR_DEFINITIONS = (
					"DEBUG=1",
					"$(inherited)",
				);
				GCC_WARN_64_TO_32_BIT_CONVERSION = YES;
				GCC_WARN_ABOUT_RETURN_TYPE = YES_ERROR;
				GCC_WARN_UNDECLARED_SELECTOR = YES;
				GCC_WARN_UNINITIALIZED_AUTOS = YES_AGGRESSIVE;
				GCC_WARN_UNUSED_FUNCTION = YES;
				GCC_WARN_UNUSED_VARIABLE = YES;
				IPHONEOS_DEPLOYMENT_TARGET = 9.3;
				MTL_ENABLE_DEBUG_INFO = YES;
				ONLY_ACTIVE_ARCH = YES;
				SDKROOT = iphoneos;
				TARGETED_DEVICE_FAMILY = "1,2";
			};
			name = Debug;
		};
		054CC74E1D0292DD00526FF8 /* Release */ = {
			isa = XCBuildConfiguration;
			buildSettings = {
				ALWAYS_SEARCH_USER_PATHS = NO;
				CLANG_ANALYZER_NONNULL = YES;
				CLANG_CXX_LANGUAGE_STANDARD = "gnu++0x";
				CLANG_CXX_LIBRARY = "libc++";
				CLANG_ENABLE_MODULES = YES;
				CLANG_ENABLE_OBJC_ARC = YES;
				CLANG_WARN_BOOL_CONVERSION = YES;
				CLANG_WARN_CONSTANT_CONVERSION = YES;
				CLANG_WARN_DIRECT_OBJC_ISA_USAGE = YES_ERROR;
				CLANG_WARN_EMPTY_BODY = YES;
				CLANG_WARN_ENUM_CONVERSION = YES;
				CLANG_WARN_INT_CONVERSION = YES;
				CLANG_WARN_OBJC_ROOT_CLASS = YES_ERROR;
				CLANG_WARN_UNREACHABLE_CODE = YES;
				CLANG_WARN__DUPLICATE_METHOD_MATCH = YES;
				"CODE_SIGN_IDENTITY[sdk=iphoneos*]" = "iPhone Developer";
				COPY_PHASE_STRIP = NO;
				DEBUG_INFORMATION_FORMAT = "dwarf-with-dsym";
				ENABLE_NS_ASSERTIONS = NO;
				ENABLE_STRICT_OBJC_MSGSEND = YES;
				GCC_C_LANGUAGE_STANDARD = gnu99;
				GCC_NO_COMMON_BLOCKS = YES;
				GCC_WARN_64_TO_32_BIT_CONVERSION = YES;
				GCC_WARN_ABOUT_RETURN_TYPE = YES_ERROR;
				GCC_WARN_UNDECLARED_SELECTOR = YES;
				GCC_WARN_UNINITIALIZED_AUTOS = YES_AGGRESSIVE;
				GCC_WARN_UNUSED_FUNCTION = YES;
				GCC_WARN_UNUSED_VARIABLE = YES;
				IPHONEOS_DEPLOYMENT_TARGET = 9.3;
				MTL_ENABLE_DEBUG_INFO = NO;
				SDKROOT = iphoneos;
				TARGETED_DEVICE_FAMILY = "1,2";
				VALIDATE_PRODUCT = YES;
			};
			name = Release;
		};
		054CC7501D0292DD00526FF8 /* Debug */ = {
			isa = XCBuildConfiguration;
			buildSettings = {
				ASSETCATALOG_COMPILER_APPICON_NAME = AppIcon;
				INFOPLIST_FILE = RememberMe/Info.plist;
				LD_RUNPATH_SEARCH_PATHS = "$(inherited) @executable_path/Frameworks";
				PRODUCT_BUNDLE_IDENTIFIER = com.nikant.RememberMe;
				PRODUCT_NAME = "$(TARGET_NAME)";
			};
			name = Debug;
		};
		054CC7511D0292DD00526FF8 /* Release */ = {
			isa = XCBuildConfiguration;
			buildSettings = {
				ASSETCATALOG_COMPILER_APPICON_NAME = AppIcon;
				INFOPLIST_FILE = RememberMe/Info.plist;
				LD_RUNPATH_SEARCH_PATHS = "$(inherited) @executable_path/Frameworks";
				PRODUCT_BUNDLE_IDENTIFIER = com.nikant.RememberMe;
				PRODUCT_NAME = "$(TARGET_NAME)";
			};
			name = Release;
		};
		054CC7531D0292DD00526FF8 /* Debug */ = {
			isa = XCBuildConfiguration;
			buildSettings = {
				BUNDLE_LOADER = "$(TEST_HOST)";
				INFOPLIST_FILE = RememberMeTests/Info.plist;
				LD_RUNPATH_SEARCH_PATHS = "$(inherited) @executable_path/Frameworks @loader_path/Frameworks";
				PRODUCT_BUNDLE_IDENTIFIER = com.nikant.RememberMeTests;
				PRODUCT_NAME = "$(TARGET_NAME)";
				TEST_HOST = "$(BUILT_PRODUCTS_DIR)/RememberMe.app/RememberMe";
			};
			name = Debug;
		};
		054CC7541D0292DD00526FF8 /* Release */ = {
			isa = XCBuildConfiguration;
			buildSettings = {
				BUNDLE_LOADER = "$(TEST_HOST)";
				INFOPLIST_FILE = RememberMeTests/Info.plist;
				LD_RUNPATH_SEARCH_PATHS = "$(inherited) @executable_path/Frameworks @loader_path/Frameworks";
				PRODUCT_BUNDLE_IDENTIFIER = com.nikant.RememberMeTests;
				PRODUCT_NAME = "$(TARGET_NAME)";
				TEST_HOST = "$(BUILT_PRODUCTS_DIR)/RememberMe.app/RememberMe";
			};
			name = Release;
		};
		054CC7561D0292DD00526FF8 /* Debug */ = {
			isa = XCBuildConfiguration;
			buildSettings = {
				INFOPLIST_FILE = RememberMeUITests/Info.plist;
				LD_RUNPATH_SEARCH_PATHS = "$(inherited) @executable_path/Frameworks @loader_path/Frameworks";
				PRODUCT_BUNDLE_IDENTIFIER = com.nikant.RememberMeUITests;
				PRODUCT_NAME = "$(TARGET_NAME)";
				TEST_TARGET_NAME = RememberMe;
			};
			name = Debug;
		};
		054CC7571D0292DD00526FF8 /* Release */ = {
			isa = XCBuildConfiguration;
			buildSettings = {
				INFOPLIST_FILE = RememberMeUITests/Info.plist;
				LD_RUNPATH_SEARCH_PATHS = "$(inherited) @executable_path/Frameworks @loader_path/Frameworks";
				PRODUCT_BUNDLE_IDENTIFIER = com.nikant.RememberMeUITests;
				PRODUCT_NAME = "$(TARGET_NAME)";
				TEST_TARGET_NAME = RememberMe;
			};
			name = Release;
		};
/* End XCBuildConfiguration section */

/* Begin XCConfigurationList section */
		054CC71D1D0292DD00526FF8 /* Build configuration list for PBXProject "RememberMe" */ = {
			isa = XCConfigurationList;
			buildConfigurations = (
				054CC74D1D0292DD00526FF8 /* Debug */,
				054CC74E1D0292DD00526FF8 /* Release */,
			);
			defaultConfigurationIsVisible = 0;
			defaultConfigurationName = Release;
		};
		054CC74F1D0292DD00526FF8 /* Build configuration list for PBXNativeTarget "RememberMe" */ = {
			isa = XCConfigurationList;
			buildConfigurations = (
				054CC7501D0292DD00526FF8 /* Debug */,
				054CC7511D0292DD00526FF8 /* Release */,
			);
			defaultConfigurationIsVisible = 0;
		};
		054CC7521D0292DD00526FF8 /* Build configuration list for PBXNativeTarget "RememberMeTests" */ = {
			isa = XCConfigurationList;
			buildConfigurations = (
				054CC7531D0292DD00526FF8 /* Debug */,
				054CC7541D0292DD00526FF8 /* Release */,
			);
			defaultConfigurationIsVisible = 0;
		};
		054CC7551D0292DD00526FF8 /* Build configuration list for PBXNativeTarget "RememberMeUITests" */ = {
			isa = XCConfigurationList;
			buildConfigurations = (
				054CC7561D0292DD00526FF8 /* Debug */,
				054CC7571D0292DD00526FF8 /* Release */,
			);
			defaultConfigurationIsVisible = 0;
		};
/* End XCConfigurationList section */
	};
	rootObject = 054CC71A1D0292DD00526FF8 /* Project object */;
}
