// !$*UTF8*$!
{
	archiveVersion = 1;
	classes = {
	};
	objectVersion = 46;
	objects = {

/* Begin PBXBuildFile section */
		054CC7271D0292DD00526FF8 /* main.m in Sources */ = {isa = PBXBuildFile; fileRef = 054CC7261D0292DD00526FF8 /* main.m */; };
		054CC72A1D0292DD00526FF8 /* AppDelegate.m in Sources */ = {isa = PBXBuildFile; fileRef = 054CC7291D0292DD00526FF8 /* AppDelegate.m */; };
		054CC7301D0292DD00526FF8 /* Main.storyboard in Resources */ = {isa = PBXBuildFile; fileRef = 054CC72E1D0292DD00526FF8 /* Main.storyboard */; };
		054CC7321D0292DD00526FF8 /* Assets.xcassets in Resources */ = {isa = PBXBuildFile; fileRef = 054CC7311D0292DD00526FF8 /* Assets.xcassets */; };
		054CC7351D0292DD00526FF8 /* LaunchScreen.storyboard in Resources */ = {isa = PBXBuildFile; fileRef = 054CC7331D0292DD00526FF8 /* LaunchScreen.storyboard */; };
		054CC74B1D0292DD00526FF8 /* RememberMeUITests.m in Sources */ = {isa = PBXBuildFile; fileRef = 054CC74A1D0292DD00526FF8 /* RememberMeUITests.m */; };
		054CC7791D0299A700526FF8 /* TrackService.m in Sources */ = {isa = PBXBuildFile; fileRef = 054CC7781D0299A700526FF8 /* TrackService.m */; };
		054CC77D1D0299F800526FF8 /* Track.m in Sources */ = {isa = PBXBuildFile; fileRef = 054CC77C1D0299F800526FF8 /* Track.m */; };
		059446C91D07DC2D00B8A482 /* GameManagerSpec.m in Sources */ = {isa = PBXBuildFile; fileRef = 059446C81D07DC2D00B8A482 /* GameManagerSpec.m */; };
		05DE88481D02B4DF00D537E9 /* TrackServiceSpec.m in Sources */ = {isa = PBXBuildFile; fileRef = 05DE88471D02B4DF00D537E9 /* TrackServiceSpec.m */; };
		05DE884A1D02B6D900D537E9 /* TrackModelSpec.m in Sources */ = {isa = PBXBuildFile; fileRef = 05DE88491D02B6D900D537E9 /* TrackModelSpec.m */; };
		05DE884E1D02BB8E00D537E9 /* TrackDataParser.m in Sources */ = {isa = PBXBuildFile; fileRef = 05DE884D1D02BB8E00D537E9 /* TrackDataParser.m */; };
		05DE88531D02BE1500D537E9 /* TrackDataParser.m in Sources */ = {isa = PBXBuildFile; fileRef = 05DE88521D02BE1500D537E9 /* TrackDataParser.m */; };
		05DE88571D02C54100D537E9 /* HomeViewController.m in Sources */ = {isa = PBXBuildFile; fileRef = 05DE88561D02C54100D537E9 /* HomeViewController.m */; };
		05DE885B1D02C77500D537E9 /* TrackCollectionViewCell.m in Sources */ = {isa = PBXBuildFile; fileRef = 05DE885A1D02C77500D537E9 /* TrackCollectionViewCell.m */; };
		05DE885E1D02E4C300D537E9 /* Game.m in Sources */ = {isa = PBXBuildFile; fileRef = 05DE885D1D02E4C300D537E9 /* Game.m */; };
		05DE88611D02E58A00D537E9 /* GameManager.m in Sources */ = {isa = PBXBuildFile; fileRef = 05DE88601D02E58A00D537E9 /* GameManager.m */; };
		05DE88651D02EF1E00D537E9 /* NSArray+Shuffle.m in Sources */ = {isa = PBXBuildFile; fileRef = 05DE88641D02EF1E00D537E9 /* NSArray+Shuffle.m */; };
		05DE886C1D0400DE00D537E9 /* GameModelSpec.m in Sources */ = {isa = PBXBuildFile; fileRef = 05DE886B1D0400DE00D537E9 /* GameModelSpec.m */; };
		05DE88721D068CD000D537E9 /* ArrayDataSource.m in Sources */ = {isa = PBXBuildFile; fileRef = 05DE88711D068CD000D537E9 /* ArrayDataSource.m */; };
		05DE88741D06945400D537E9 /* ArrayDataSourceSpec.m in Sources */ = {isa = PBXBuildFile; fileRef = 05DE88731D06945400D537E9 /* ArrayDataSourceSpec.m */; };
		05DE88761D069ACD00D537E9 /* HomeViewControllerSpec.m in Sources */ = {isa = PBXBuildFile; fileRef = 05DE88751D069ACD00D537E9 /* HomeViewControllerSpec.m */; };
		05DE88781D06ACEF00D537E9 /* TrackCollectionViewCellSpec.m in Sources */ = {isa = PBXBuildFile; fileRef = 05DE88771D06ACEF00D537E9 /* TrackCollectionViewCellSpec.m */; };
		088E60004AFB373F756672F6 /* Pods_RememberMeTests.framework in Frameworks */ = {isa = PBXBuildFile; fileRef = 0991471A8EDF405485593A5E /* Pods_RememberMeTests.framework */; };
		365D211C151EBDE83227FBAB /* Pods_RememberMe.framework in Frameworks */ = {isa = PBXBuildFile; fileRef = 676F5107B3559DD32E52F814 /* Pods_RememberMe.framework */; };
/* End PBXBuildFile section */

/* Begin PBXContainerItemProxy section */
		054CC73C1D0292DD00526FF8 /* PBXContainerItemProxy */ = {
			isa = PBXContainerItemProxy;
			containerPortal = 054CC71A1D0292DD00526FF8 /* Project object */;
			proxyType = 1;
			remoteGlobalIDString = 054CC7211D0292DD00526FF8;
			remoteInfo = RememberMe;
		};
		054CC7471D0292DD00526FF8 /* PBXContainerItemProxy */ = {
			isa = PBXContainerItemProxy;
			containerPortal = 054CC71A1D0292DD00526FF8 /* Project object */;
			proxyType = 1;
			remoteGlobalIDString = 054CC7211D0292DD00526FF8;
			remoteInfo = RememberMe;
		};
/* End PBXContainerItemProxy section */

/* Begin PBXFileReference section */
		054CC7221D0292DD00526FF8 /* RememberMe.app */ = {isa = PBXFileReference; explicitFileType = wrapper.application; includeInIndex = 0; path = RememberMe.app; sourceTree = BUILT_PRODUCTS_DIR; };
		054CC7261D0292DD00526FF8 /* main.m */ = {isa = PBXFileReference; lastKnownFileType = sourcecode.c.objc; path = main.m; sourceTree = "<group>"; };
		054CC7281D0292DD00526FF8 /* AppDelegate.h */ = {isa = PBXFileReference; lastKnownFileType = sourcecode.c.h; path = AppDelegate.h; sourceTree = "<group>"; };
		054CC7291D0292DD00526FF8 /* AppDelegate.m */ = {isa = PBXFileReference; lastKnownFileType = sourcecode.c.objc; path = AppDelegate.m; sourceTree = "<group>"; };
		054CC72F1D0292DD00526FF8 /* Base */ = {isa = PBXFileReference; lastKnownFileType = file.storyboard; name = Base; path = Base.lproj/Main.storyboard; sourceTree = "<group>"; };
		054CC7311D0292DD00526FF8 /* Assets.xcassets */ = {isa = PBXFileReference; lastKnownFileType = folder.assetcatalog; path = Assets.xcassets; sourceTree = "<group>"; };
		054CC7341D0292DD00526FF8 /* Base */ = {isa = PBXFileReference; lastKnownFileType = file.storyboard; name = Base; path = Base.lproj/LaunchScreen.storyboard; sourceTree = "<group>"; };
		054CC7361D0292DD00526FF8 /* Info.plist */ = {isa = PBXFileReference; lastKnownFileType = text.plist.xml; path = Info.plist; sourceTree = "<group>"; };
		054CC73B1D0292DD00526FF8 /* RememberMeTests.xctest */ = {isa = PBXFileReference; explicitFileType = wrapper.cfbundle; includeInIndex = 0; path = RememberMeTests.xctest; sourceTree = BUILT_PRODUCTS_DIR; };
		054CC7411D0292DD00526FF8 /* Info.plist */ = {isa = PBXFileReference; lastKnownFileType = text.plist.xml; path = Info.plist; sourceTree = "<group>"; };
		054CC7461D0292DD00526FF8 /* RememberMeUITests.xctest */ = {isa = PBXFileReference; explicitFileType = wrapper.cfbundle; includeInIndex = 0; path = RememberMeUITests.xctest; sourceTree = BUILT_PRODUCTS_DIR; };
		054CC74A1D0292DD00526FF8 /* RememberMeUITests.m */ = {isa = PBXFileReference; lastKnownFileType = sourcecode.c.objc; path = RememberMeUITests.m; sourceTree = "<group>"; };
		054CC74C1D0292DD00526FF8 /* Info.plist */ = {isa = PBXFileReference; lastKnownFileType = text.plist.xml; path = Info.plist; sourceTree = "<group>"; };
		054CC7771D0299A700526FF8 /* TrackService.h */ = {isa = PBXFileReference; fileEncoding = 4; lastKnownFileType = sourcecode.c.h; path = TrackService.h; sourceTree = "<group>"; };
		054CC7781D0299A700526FF8 /* TrackService.m */ = {isa = PBXFileReference; fileEncoding = 4; lastKnownFileType = sourcecode.c.objc; path = TrackService.m; sourceTree = "<group>"; };
		054CC77B1D0299F800526FF8 /* Track.h */ = {isa = PBXFileReference; fileEncoding = 4; lastKnownFileType = sourcecode.c.h; path = Track.h; sourceTree = "<group>"; };
		054CC77C1D0299F800526FF8 /* Track.m */ = {isa = PBXFileReference; fileEncoding = 4; lastKnownFileType = sourcecode.c.objc; path = Track.m; sourceTree = "<group>"; };
		059446C81D07DC2D00B8A482 /* GameManagerSpec.m */ = {isa = PBXFileReference; fileEncoding = 4; lastKnownFileType = sourcecode.c.objc; path = GameManagerSpec.m; sourceTree = "<group>"; };
		05DE88461D02B45D00D537E9 /* Constants.h */ = {isa = PBXFileReference; lastKnownFileType = sourcecode.c.h; name = Constants.h; path = ../Services/Constants.h; sourceTree = "<group>"; };
		05DE88471D02B4DF00D537E9 /* TrackServiceSpec.m */ = {isa = PBXFileReference; fileEncoding = 4; lastKnownFileType = sourcecode.c.objc; path = TrackServiceSpec.m; sourceTree = "<group>"; };
		05DE88491D02B6D900D537E9 /* TrackModelSpec.m */ = {isa = PBXFileReference; fileEncoding = 4; lastKnownFileType = sourcecode.c.objc; path = TrackModelSpec.m; sourceTree = "<group>"; };
		05DE884C1D02BB8E00D537E9 /* TrackDataParser.h */ = {isa = PBXFileReference; fileEncoding = 4; lastKnownFileType = sourcecode.c.h; name = TrackDataParser.h; path = DataSources/TrackDataParser.h; sourceTree = "<group>"; };
		05DE884D1D02BB8E00D537E9 /* TrackDataParser.m */ = {isa = PBXFileReference; fileEncoding = 4; lastKnownFileType = sourcecode.c.objc; name = TrackDataParser.m; path = DataSources/TrackDataParser.m; sourceTree = "<group>"; };
		05DE88521D02BE1500D537E9 /* TrackDataParser.m */ = {isa = PBXFileReference; fileEncoding = 4; lastKnownFileType = sourcecode.c.objc; path = TrackDataParser.m; sourceTree = "<group>"; };
		05DE88551D02C54100D537E9 /* HomeViewController.h */ = {isa = PBXFileReference; fileEncoding = 4; lastKnownFileType = sourcecode.c.h; path = HomeViewController.h; sourceTree = "<group>"; };
		05DE88561D02C54100D537E9 /* HomeViewController.m */ = {isa = PBXFileReference; fileEncoding = 4; lastKnownFileType = sourcecode.c.objc; path = HomeViewController.m; sourceTree = "<group>"; };
		05DE88591D02C77500D537E9 /* TrackCollectionViewCell.h */ = {isa = PBXFileReference; fileEncoding = 4; lastKnownFileType = sourcecode.c.h; path = TrackCollectionViewCell.h; sourceTree = "<group>"; };
		05DE885A1D02C77500D537E9 /* TrackCollectionViewCell.m */ = {isa = PBXFileReference; fileEncoding = 4; lastKnownFileType = sourcecode.c.objc; path = TrackCollectionViewCell.m; sourceTree = "<group>"; };
		05DE885C1D02E4C200D537E9 /* Game.h */ = {isa = PBXFileReference; fileEncoding = 4; lastKnownFileType = sourcecode.c.h; path = Game.h; sourceTree = "<group>"; };
		05DE885D1D02E4C300D537E9 /* Game.m */ = {isa = PBXFileReference; fileEncoding = 4; lastKnownFileType = sourcecode.c.objc; path = Game.m; sourceTree = "<group>"; };
		05DE885F1D02E58A00D537E9 /* GameManager.h */ = {isa = PBXFileReference; fileEncoding = 4; lastKnownFileType = sourcecode.c.h; path = GameManager.h; sourceTree = "<group>"; };
		05DE88601D02E58A00D537E9 /* GameManager.m */ = {isa = PBXFileReference; fileEncoding = 4; lastKnownFileType = sourcecode.c.objc; path = GameManager.m; sourceTree = "<group>"; };
		05DE88631D02EF1E00D537E9 /* NSArray+Shuffle.h */ = {isa = PBXFileReference; fileEncoding = 4; lastKnownFileType = sourcecode.c.h; path = "NSArray+Shuffle.h"; sourceTree = "<group>"; };
		05DE88641D02EF1E00D537E9 /* NSArray+Shuffle.m */ = {isa = PBXFileReference; fileEncoding = 4; lastKnownFileType = sourcecode.c.objc; path = "NSArray+Shuffle.m"; sourceTree = "<group>"; };
		05DE886B1D0400DE00D537E9 /* GameModelSpec.m */ = {isa = PBXFileReference; fileEncoding = 4; lastKnownFileType = sourcecode.c.objc; path = GameModelSpec.m; sourceTree = "<group>"; };
		05DE88701D068CD000D537E9 /* ArrayDataSource.h */ = {isa = PBXFileReference; fileEncoding = 4; lastKnownFileType = sourcecode.c.h; path = ArrayDataSource.h; sourceTree = "<group>"; };
		05DE88711D068CD000D537E9 /* ArrayDataSource.m */ = {isa = PBXFileReference; fileEncoding = 4; lastKnownFileType = sourcecode.c.objc; path = ArrayDataSource.m; sourceTree = "<group>"; };
		05DE88731D06945400D537E9 /* ArrayDataSourceSpec.m */ = {isa = PBXFileReference; fileEncoding = 4; lastKnownFileType = sourcecode.c.objc; path = ArrayDataSourceSpec.m; sourceTree = "<group>"; };
		05DE88751D069ACD00D537E9 /* HomeViewControllerSpec.m */ = {isa = PBXFileReference; fileEncoding = 4; lastKnownFileType = sourcecode.c.objc; path = HomeViewControllerSpec.m; sourceTree = "<group>"; };
		05DE88771D06ACEF00D537E9 /* TrackCollectionViewCellSpec.m */ = {isa = PBXFileReference; fileEncoding = 4; lastKnownFileType = sourcecode.c.objc; path = TrackCollectionViewCellSpec.m; sourceTree = "<group>"; };
		0991471A8EDF405485593A5E /* Pods_RememberMeTests.framework */ = {isa = PBXFileReference; explicitFileType = wrapper.framework; includeInIndex = 0; path = Pods_RememberMeTests.framework; sourceTree = BUILT_PRODUCTS_DIR; };
		0B0E3B45EE2AA456F7B2E125 /* Pods-RememberMe.release.xcconfig */ = {isa = PBXFileReference; includeInIndex = 1; lastKnownFileType = text.xcconfig; name = "Pods-RememberMe.release.xcconfig"; path = "Pods/Target Support Files/Pods-RememberMe/Pods-RememberMe.release.xcconfig"; sourceTree = "<group>"; };
		362C0FF6FF08196A5B417DF5 /* Pods-RememberMe.debug.xcconfig */ = {isa = PBXFileReference; includeInIndex = 1; lastKnownFileType = text.xcconfig; name = "Pods-RememberMe.debug.xcconfig"; path = "Pods/Target Support Files/Pods-RememberMe/Pods-RememberMe.debug.xcconfig"; sourceTree = "<group>"; };
		676F5107B3559DD32E52F814 /* Pods_RememberMe.framework */ = {isa = PBXFileReference; explicitFileType = wrapper.framework; includeInIndex = 0; path = Pods_RememberMe.framework; sourceTree = BUILT_PRODUCTS_DIR; };
		CF46934D251D5A4EFFDA6DA8 /* Pods-RememberMeTests.release.xcconfig */ = {isa = PBXFileReference; includeInIndex = 1; lastKnownFileType = text.xcconfig; name = "Pods-RememberMeTests.release.xcconfig"; path = "Pods/Target Support Files/Pods-RememberMeTests/Pods-RememberMeTests.release.xcconfig"; sourceTree = "<group>"; };
		D034114837B8ED04E2E1CC98 /* Pods-RememberMeTests.debug.xcconfig */ = {isa = PBXFileReference; includeInIndex = 1; lastKnownFileType = text.xcconfig; name = "Pods-RememberMeTests.debug.xcconfig"; path = "Pods/Target Support Files/Pods-RememberMeTests/Pods-RememberMeTests.debug.xcconfig"; sourceTree = "<group>"; };
/* End PBXFileReference section */

/* Begin PBXFrameworksBuildPhase section */
		054CC71F1D0292DD00526FF8 /* Frameworks */ = {
			isa = PBXFrameworksBuildPhase;
			buildActionMask = 2147483647;
			files = (
				365D211C151EBDE83227FBAB /* Pods_RememberMe.framework in Frameworks */,
			);
			runOnlyForDeploymentPostprocessing = 0;
		};
		054CC7381D0292DD00526FF8 /* Frameworks */ = {
			isa = PBXFrameworksBuildPhase;
			buildActionMask = 2147483647;
			files = (
				088E60004AFB373F756672F6 /* Pods_RememberMeTests.framework in Frameworks */,
			);
			runOnlyForDeploymentPostprocessing = 0;
		};
		054CC7431D0292DD00526FF8 /* Frameworks */ = {
			isa = PBXFrameworksBuildPhase;
			buildActionMask = 2147483647;
			files = (
			);
			runOnlyForDeploymentPostprocessing = 0;
		};
/* End PBXFrameworksBuildPhase section */

/* Begin PBXGroup section */
		054CC7191D0292DD00526FF8 = {
			isa = PBXGroup;
			children = (
				054CC7241D0292DD00526FF8 /* RememberMe */,
				054CC73E1D0292DD00526FF8 /* RememberMeTests */,
				054CC7491D0292DD00526FF8 /* RememberMeUITests */,
				054CC7231D0292DD00526FF8 /* Products */,
				8B8B26F3AD08F7DC5AFDD854 /* Pods */,
				839F4931912414A57CB20208 /* Frameworks */,
			);
			sourceTree = "<group>";
		};
		054CC7231D0292DD00526FF8 /* Products */ = {
			isa = PBXGroup;
			children = (
				054CC7221D0292DD00526FF8 /* RememberMe.app */,
				054CC73B1D0292DD00526FF8 /* RememberMeTests.xctest */,
				054CC7461D0292DD00526FF8 /* RememberMeUITests.xctest */,
			);
			name = Products;
			sourceTree = "<group>";
		};
		054CC7241D0292DD00526FF8 /* RememberMe */ = {
			isa = PBXGroup;
			children = (
				05DE88681D03F47000D537E9 /* Storyboards */,
				05DE88671D03F45500D537E9 /* Resources */,
				05DE88661D03F43D00D537E9 /* Application */,
				05DE88621D02EEF900D537E9 /* Helpers */,
				05DE88581D02C73600D537E9 /* Views */,
				05DE884B1D02BB6700D537E9 /* DataSources */,
				054CC77A1D0299DC00526FF8 /* Models */,
				054CC7581D0298E900526FF8 /* Services */,
				05DE88541D02C50F00D537E9 /* ViewControllers */,
				054CC7251D0292DD00526FF8 /* Supporting Files */,
			);
			path = RememberMe;
			sourceTree = "<group>";
		};
		054CC7251D0292DD00526FF8 /* Supporting Files */ = {
			isa = PBXGroup;
			children = (
				054CC7261D0292DD00526FF8 /* main.m */,
			);
			name = "Supporting Files";
			sourceTree = "<group>";
		};
		054CC73E1D0292DD00526FF8 /* RememberMeTests */ = {
			isa = PBXGroup;
			children = (
				05DE88471D02B4DF00D537E9 /* TrackServiceSpec.m */,
				05DE88491D02B6D900D537E9 /* TrackModelSpec.m */,
				05DE88521D02BE1500D537E9 /* TrackDataParser.m */,
				059446C81D07DC2D00B8A482 /* GameManagerSpec.m */,
				05DE886B1D0400DE00D537E9 /* GameModelSpec.m */,
				05DE88731D06945400D537E9 /* ArrayDataSourceSpec.m */,
				05DE88751D069ACD00D537E9 /* HomeViewControllerSpec.m */,
				05DE88771D06ACEF00D537E9 /* TrackCollectionViewCellSpec.m */,
				054CC7411D0292DD00526FF8 /* Info.plist */,
			);
			path = RememberMeTests;
			sourceTree = "<group>";
		};
		054CC7491D0292DD00526FF8 /* RememberMeUITests */ = {
			isa = PBXGroup;
			children = (
				054CC74A1D0292DD00526FF8 /* RememberMeUITests.m */,
				054CC74C1D0292DD00526FF8 /* Info.plist */,
			);
			path = RememberMeUITests;
			sourceTree = "<group>";
		};
		054CC7581D0298E900526FF8 /* Services */ = {
			isa = PBXGroup;
			children = (
				059446CA1D0A6AB900B8A482 /* Parsers */,
				054CC7771D0299A700526FF8 /* TrackService.h */,
				054CC7781D0299A700526FF8 /* TrackService.m */,
			);
			path = Services;
			sourceTree = "<group>";
		};
		054CC77A1D0299DC00526FF8 /* Models */ = {
			isa = PBXGroup;
			children = (
				054CC77B1D0299F800526FF8 /* Track.h */,
				054CC77C1D0299F800526FF8 /* Track.m */,
				05DE885C1D02E4C200D537E9 /* Game.h */,
				05DE885D1D02E4C300D537E9 /* Game.m */,
				05DE885F1D02E58A00D537E9 /* GameManager.h */,
				05DE88601D02E58A00D537E9 /* GameManager.m */,
			);
			name = Models;
			path = RememberMe/Models;
			sourceTree = SOURCE_ROOT;
		};
		059446CA1D0A6AB900B8A482 /* Parsers */ = {
			isa = PBXGroup;
			children = (
				05DE884C1D02BB8E00D537E9 /* TrackDataParser.h */,
				05DE884D1D02BB8E00D537E9 /* TrackDataParser.m */,
			);
			name = Parsers;
			sourceTree = "<group>";
		};
		05DE884B1D02BB6700D537E9 /* DataSources */ = {
			isa = PBXGroup;
			children = (
				05DE88701D068CD000D537E9 /* ArrayDataSource.h */,
				05DE88711D068CD000D537E9 /* ArrayDataSource.m */,
			);
			name = DataSources;
			path = Services/DataSources;
			sourceTree = "<group>";
		};
		05DE88541D02C50F00D537E9 /* ViewControllers */ = {
			isa = PBXGroup;
			children = (
				05DE88551D02C54100D537E9 /* HomeViewController.h */,
				05DE88561D02C54100D537E9 /* HomeViewController.m */,
			);
			path = ViewControllers;
			sourceTree = "<group>";
		};
		05DE88581D02C73600D537E9 /* Views */ = {
			isa = PBXGroup;
			children = (
				05DE88591D02C77500D537E9 /* TrackCollectionViewCell.h */,
				05DE885A1D02C77500D537E9 /* TrackCollectionViewCell.m */,
			);
			path = Views;
			sourceTree = "<group>";
		};
		05DE88621D02EEF900D537E9 /* Helpers */ = {
			isa = PBXGroup;
			children = (
				05DE88631D02EF1E00D537E9 /* NSArray+Shuffle.h */,
				05DE88641D02EF1E00D537E9 /* NSArray+Shuffle.m */,
				05DE88461D02B45D00D537E9 /* Constants.h */,
			);
			path = Helpers;
			sourceTree = "<group>";
		};
		05DE88661D03F43D00D537E9 /* Application */ = {
			isa = PBXGroup;
			children = (
				054CC7281D0292DD00526FF8 /* AppDelegate.h */,
				054CC7291D0292DD00526FF8 /* AppDelegate.m */,
			);
			name = Application;
			sourceTree = "<group>";
		};
		05DE88671D03F45500D537E9 /* Resources */ = {
			isa = PBXGroup;
			children = (
				054CC7361D0292DD00526FF8 /* Info.plist */,
				054CC7311D0292DD00526FF8 /* Assets.xcassets */,
			);
			name = Resources;
			sourceTree = "<group>";
		};
		05DE88681D03F47000D537E9 /* Storyboards */ = {
			isa = PBXGroup;
			children = (
				054CC72E1D0292DD00526FF8 /* Main.storyboard */,
				054CC7331D0292DD00526FF8 /* LaunchScreen.storyboard */,
			);
			name = Storyboards;
			sourceTree = "<group>";
		};
		839F4931912414A57CB20208 /* Frameworks */ = {
			isa = PBXGroup;
			children = (
				676F5107B3559DD32E52F814 /* Pods_RememberMe.framework */,
				0991471A8EDF405485593A5E /* Pods_RememberMeTests.framework */,
			);
			name = Frameworks;
			sourceTree = "<group>";
		};
		8B8B26F3AD08F7DC5AFDD854 /* Pods */ = {
			isa = PBXGroup;
			children = (
				362C0FF6FF08196A5B417DF5 /* Pods-RememberMe.debug.xcconfig */,
				0B0E3B45EE2AA456F7B2E125 /* Pods-RememberMe.release.xcconfig */,
				D034114837B8ED04E2E1CC98 /* Pods-RememberMeTests.debug.xcconfig */,
				CF46934D251D5A4EFFDA6DA8 /* Pods-RememberMeTests.release.xcconfig */,
			);
			name = Pods;
			sourceTree = "<group>";
		};
/* End PBXGroup section */

/* Begin PBXNativeTarget section */
		054CC7211D0292DD00526FF8 /* RememberMe */ = {
			isa = PBXNativeTarget;
			buildConfigurationList = 054CC74F1D0292DD00526FF8 /* Build configuration list for PBXNativeTarget "RememberMe" */;
			buildPhases = (
				2DC1E1A689E69D290417BC2A /* Check Pods Manifest.lock */,
				054CC71E1D0292DD00526FF8 /* Sources */,
				054CC71F1D0292DD00526FF8 /* Frameworks */,
				054CC7201D0292DD00526FF8 /* Resources */,
				1345D359514DC3ED245ED70F /* Embed Pods Frameworks */,
				51799F80DA2237EA65C8D742 /* Copy Pods Resources */,
			);
			buildRules = (
			);
			dependencies = (
			);
			name = RememberMe;
			productName = RememberMe;
			productReference = 054CC7221D0292DD00526FF8 /* RememberMe.app */;
			productType = "com.apple.product-type.application";
		};
		054CC73A1D0292DD00526FF8 /* RememberMeTests */ = {
			isa = PBXNativeTarget;
			buildConfigurationList = 054CC7521D0292DD00526FF8 /* Build configuration list for PBXNativeTarget "RememberMeTests" */;
			buildPhases = (
				0296C2DB34B05243AF7FDB8E /* Check Pods Manifest.lock */,
				054CC7371D0292DD00526FF8 /* Sources */,
				054CC7381D0292DD00526FF8 /* Frameworks */,
				054CC7391D0292DD00526FF8 /* Resources */,
				B2AA258EEC21429C8FDC073A /* Embed Pods Frameworks */,
				EC74D03C030EC3589420A7D9 /* Copy Pods Resources */,
			);
			buildRules = (
			);
			dependencies = (
				054CC73D1D0292DD00526FF8 /* PBXTargetDependency */,
			);
			name = RememberMeTests;
			productName = RememberMeTests;
			productReference = 054CC73B1D0292DD00526FF8 /* RememberMeTests.xctest */;
			productType = "com.apple.product-type.bundle.unit-test";
		};
		054CC7451D0292DD00526FF8 /* RememberMeUITests */ = {
			isa = PBXNativeTarget;
			buildConfigurationList = 054CC7551D0292DD00526FF8 /* Build configuration list for PBXNativeTarget "RememberMeUITests" */;
			buildPhases = (
				054CC7421D0292DD00526FF8 /* Sources */,
				054CC7431D0292DD00526FF8 /* Frameworks */,
				054CC7441D0292DD00526FF8 /* Resources */,
			);
			buildRules = (
			);
			dependencies = (
				054CC7481D0292DD00526FF8 /* PBXTargetDependency */,
			);
			name = RememberMeUITests;
			productName = RememberMeUITests;
			productReference = 054CC7461D0292DD00526FF8 /* RememberMeUITests.xctest */;
			productType = "com.apple.product-type.bundle.ui-testing";
		};
/* End PBXNativeTarget section */

/* Begin PBXProject section */
		054CC71A1D0292DD00526FF8 /* Project object */ = {
			isa = PBXProject;
			attributes = {
				LastUpgradeCheck = 0730;
				ORGANIZATIONNAME = "Vohra, Nikant";
				TargetAttributes = {
					054CC7211D0292DD00526FF8 = {
						CreatedOnToolsVersion = 7.3;
					};
					054CC73A1D0292DD00526FF8 = {
						CreatedOnToolsVersion = 7.3;
						TestTargetID = 054CC7211D0292DD00526FF8;
					};
					054CC7451D0292DD00526FF8 = {
						CreatedOnToolsVersion = 7.3;
						TestTargetID = 054CC7211D0292DD00526FF8;
					};
				};
			};
			buildConfigurationList = 054CC71D1D0292DD00526FF8 /* Build configuration list for PBXProject "RememberMe" */;
			compatibilityVersion = "Xcode 3.2";
			developmentRegion = English;
			hasScannedForEncodings = 0;
			knownRegions = (
				en,
				Base,
			);
			mainGroup = 054CC7191D0292DD00526FF8;
			productRefGroup = 054CC7231D0292DD00526FF8 /* Products */;
			projectDirPath = "";
			projectRoot = "";
			targets = (
				054CC7211D0292DD00526FF8 /* RememberMe */,
				054CC73A1D0292DD00526FF8 /* RememberMeTests */,
				054CC7451D0292DD00526FF8 /* RememberMeUITests */,
			);
		};
/* End PBXProject section */

/* Begin PBXResourcesBuildPhase section */
		054CC7201D0292DD00526FF8 /* Resources */ = {
			isa = PBXResourcesBuildPhase;
			buildActionMask = 2147483647;
			files = (
				054CC7351D0292DD00526FF8 /* LaunchScreen.storyboard in Resources */,
				054CC7321D0292DD00526FF8 /* Assets.xcassets in Resources */,
				054CC7301D0292DD00526FF8 /* Main.storyboard in Resources */,
			);
			runOnlyForDeploymentPostprocessing = 0;
		};
		054CC7391D0292DD00526FF8 /* Resources */ = {
			isa = PBXResourcesBuildPhase;
			buildActionMask = 2147483647;
			files = (
			);
			runOnlyForDeploymentPostprocessing = 0;
		};
		054CC7441D0292DD00526FF8 /* Resources */ = {
			isa = PBXResourcesBuildPhase;
			buildActionMask = 2147483647;
			files = (
			);
			runOnlyForDeploymentPostprocessing = 0;
		};
/* End PBXResourcesBuildPhase section */

/* Begin PBXShellScriptBuildPhase section */
		0296C2DB34B05243AF7FDB8E /* Check Pods Manifest.lock */ = {
			isa = PBXShellScriptBuildPhase;
			buildActionMask = 2147483647;
			files = (
			);
			inputPaths = (
			);
			name = "Check Pods Manifest.lock";
			outputPaths = (
			);
			runOnlyForDeploymentPostprocessing = 0;
			shellPath = /bin/sh;
			shellScript = "diff \"${PODS_ROOT}/../Podfile.lock\" \"${PODS_ROOT}/Manifest.lock\" > /dev/null\nif [[ $? != 0 ]] ; then\n    cat << EOM\nerror: The sandbox is not in sync with the Podfile.lock. Run 'pod install' or update your CocoaPods installation.\nEOM\n    exit 1\nfi\n";
			showEnvVarsInLog = 0;
		};
		1345D359514DC3ED245ED70F /* Embed Pods Frameworks */ = {
			isa = PBXShellScriptBuildPhase;
			buildActionMask = 2147483647;
			files = (
			);
			inputPaths = (
			);
			name = "Embed Pods Frameworks";
			outputPaths = (
			);
			runOnlyForDeploymentPostprocessing = 0;
			shellPath = /bin/sh;
			shellScript = "\"${SRCROOT}/Pods/Target Support Files/Pods-RememberMe/Pods-RememberMe-frameworks.sh\"\n";
			showEnvVarsInLog = 0;
		};
		2DC1E1A689E69D290417BC2A /* Check Pods Manifest.lock */ = {
			isa = PBXShellScriptBuildPhase;
			buildActionMask = 2147483647;
			files = (
			);
			inputPaths = (
			);
			name = "Check Pods Manifest.lock";
			outputPaths = (
			);
			runOnlyForDeploymentPostprocessing = 0;
			shellPath = /bin/sh;
			shellScript = "diff \"${PODS_ROOT}/../Podfile.lock\" \"${PODS_ROOT}/Manifest.lock\" > /dev/null\nif [[ $? != 0 ]] ; then\n    cat << EOM\nerror: The sandbox is not in sync with the Podfile.lock. Run 'pod install' or update your CocoaPods installation.\nEOM\n    exit 1\nfi\n";
			showEnvVarsInLog = 0;
		};
		51799F80DA2237EA65C8D742 /* Copy Pods Resources */ = {
			isa = PBXShellScriptBuildPhase;
			buildActionMask = 2147483647;
			files = (
			);
			inputPaths = (
			);
			name = "Copy Pods Resources";
			outputPaths = (
			);
			runOnlyForDeploymentPostprocessing = 0;
			shellPath = /bin/sh;
			shellScript = "\"${SRCROOT}/Pods/Target Support Files/Pods-RememberMe/Pods-RememberMe-resources.sh\"\n";
			showEnvVarsInLog = 0;
		};
		B2AA258EEC21429C8FDC073A /* Embed Pods Frameworks */ = {
			isa = PBXShellScriptBuildPhase;
			buildActionMask = 2147483647;
			files = (
			);
			inputPaths = (
			);
			name = "Embed Pods Frameworks";
			outputPaths = (
			);
			runOnlyForDeploymentPostprocessing = 0;
			shellPath = /bin/sh;
			shellScript = "\"${SRCROOT}/Pods/Target Support Files/Pods-RememberMeTests/Pods-RememberMeTests-frameworks.sh\"\n";
			showEnvVarsInLog = 0;
		};
		EC74D03C030EC3589420A7D9 /* Copy Pods Resources */ = {
			isa = PBXShellScriptBuildPhase;
			buildActionMask = 2147483647;
			files = (
			);
			inputPaths = (
			);
			name = "Copy Pods Resources";
			outputPaths = (
			);
			runOnlyForDeploymentPostprocessing = 0;
			shellPath = /bin/sh;
			shellScript = "\"${SRCROOT}/Pods/Target Support Files/Pods-RememberMeTests/Pods-RememberMeTests-resources.sh\"\n";
			showEnvVarsInLog = 0;
		};
/* End PBXShellScriptBuildPhase section */

/* Begin PBXSourcesBuildPhase section */
		054CC71E1D0292DD00526FF8 /* Sources */ = {
			isa = PBXSourcesBuildPhase;
			buildActionMask = 2147483647;
			files = (
				05DE884E1D02BB8E00D537E9 /* TrackDataParser.m in Sources */,
				054CC72A1D0292DD00526FF8 /* AppDelegate.m in Sources */,
				05DE88651D02EF1E00D537E9 /* NSArray+Shuffle.m in Sources */,
				054CC7271D0292DD00526FF8 /* main.m in Sources */,
				05DE885E1D02E4C300D537E9 /* Game.m in Sources */,
				05DE88611D02E58A00D537E9 /* GameManager.m in Sources */,
				054CC77D1D0299F800526FF8 /* Track.m in Sources */,
				05DE88721D068CD000D537E9 /* ArrayDataSource.m in Sources */,
				05DE88571D02C54100D537E9 /* HomeViewController.m in Sources */,
				05DE885B1D02C77500D537E9 /* TrackCollectionViewCell.m in Sources */,
				054CC7791D0299A700526FF8 /* TrackService.m in Sources */,
			);
			runOnlyForDeploymentPostprocessing = 0;
		};
		054CC7371D0292DD00526FF8 /* Sources */ = {
			isa = PBXSourcesBuildPhase;
			buildActionMask = 2147483647;
			files = (
				05DE88781D06ACEF00D537E9 /* TrackCollectionViewCellSpec.m in Sources */,
				05DE88761D069ACD00D537E9 /* HomeViewControllerSpec.m in Sources */,
				05DE88741D06945400D537E9 /* ArrayDataSourceSpec.m in Sources */,
				05DE88531D02BE1500D537E9 /* TrackDataParser.m in Sources */,
				059446C91D07DC2D00B8A482 /* GameManagerSpec.m in Sources */,
				05DE886C1D0400DE00D537E9 /* GameModelSpec.m in Sources */,
				05DE884A1D02B6D900D537E9 /* TrackModelSpec.m in Sources */,
				05DE88481D02B4DF00D537E9 /* TrackServiceSpec.m in Sources */,
			);
			runOnlyForDeploymentPostprocessing = 0;
		};
		054CC7421D0292DD00526FF8 /* Sources */ = {
			isa = PBXSourcesBuildPhase;
			buildActionMask = 2147483647;
			files = (
				054CC74B1D0292DD00526FF8 /* RememberMeUITests.m in Sources */,
			);
			runOnlyForDeploymentPostprocessing = 0;
		};
/* End PBXSourcesBuildPhase section */

/* Begin PBXTargetDependency section */
		054CC73D1D0292DD00526FF8 /* PBXTargetDependency */ = {
			isa = PBXTargetDependency;
			target = 054CC7211D0292DD00526FF8 /* RememberMe */;
			targetProxy = 054CC73C1D0292DD00526FF8 /* PBXContainerItemProxy */;
		};
		054CC7481D0292DD00526FF8 /* PBXTargetDependency */ = {
			isa = PBXTargetDependency;
			target = 054CC7211D0292DD00526FF8 /* RememberMe */;
			targetProxy = 054CC7471D0292DD00526FF8 /* PBXContainerItemProxy */;
		};
/* End PBXTargetDependency section */

/* Begin PBXVariantGroup section */
		054CC72E1D0292DD00526FF8 /* Main.storyboard */ = {
			isa = PBXVariantGroup;
			children = (
				054CC72F1D0292DD00526FF8 /* Base */,
			);
			name = Main.storyboard;
			sourceTree = "<group>";
		};
		054CC7331D0292DD00526FF8 /* LaunchScreen.storyboard */ = {
			isa = PBXVariantGroup;
			children = (
				054CC7341D0292DD00526FF8 /* Base */,
			);
			name = LaunchScreen.storyboard;
			sourceTree = "<group>";
		};
/* End PBXVariantGroup section */

/* Begin XCBuildConfiguration section */
		054CC74D1D0292DD00526FF8 /* Debug */ = {
			isa = XCBuildConfiguration;
			buildSettings = {
				ALWAYS_SEARCH_USER_PATHS = NO;
				CLANG_ANALYZER_NONNULL = YES;
				CLANG_CXX_LANGUAGE_STANDARD = "gnu++0x";
				CLANG_CXX_LIBRARY = "libc++";
				CLANG_ENABLE_MODULES = YES;
				CLANG_ENABLE_OBJC_ARC = YES;
				CLANG_WARN_BOOL_CONVERSION = YES;
				CLANG_WARN_CONSTANT_CONVERSION = YES;
				CLANG_WARN_DIRECT_OBJC_ISA_USAGE = YES_ERROR;
				CLANG_WARN_EMPTY_BODY = YES;
				CLANG_WARN_ENUM_CONVERSION = YES;
				CLANG_WARN_INT_CONVERSION = YES;
				CLANG_WARN_OBJC_ROOT_CLASS = YES_ERROR;
				CLANG_WARN_UNREACHABLE_CODE = YES;
				CLANG_WARN__DUPLICATE_METHOD_MATCH = YES;
				"CODE_SIGN_IDENTITY[sdk=iphoneos*]" = "iPhone Developer";
				COPY_PHASE_STRIP = NO;
				DEBUG_INFORMATION_FORMAT = dwarf;
				ENABLE_STRICT_OBJC_MSGSEND = YES;
				ENABLE_TESTABILITY = YES;
				GCC_C_LANGUAGE_STANDARD = gnu99;
				GCC_DYNAMIC_NO_PIC = NO;
				GCC_NO_COMMON_BLOCKS = YES;
				GCC_OPTIMIZATION_LEVEL = 0;
				GCC_PREPROCESSOR_DEFINITIONS = (
					"DEBUG=1",
					"$(inherited)",
				);
				GCC_WARN_64_TO_32_BIT_CONVERSION = YES;
				GCC_WARN_ABOUT_RETURN_TYPE = YES_ERROR;
				GCC_WARN_UNDECLARED_SELECTOR = YES;
				GCC_WARN_UNINITIALIZED_AUTOS = YES_AGGRESSIVE;
				GCC_WARN_UNUSED_FUNCTION = YES;
				GCC_WARN_UNUSED_VARIABLE = YES;
				IPHONEOS_DEPLOYMENT_TARGET = 9.3;
				MTL_ENABLE_DEBUG_INFO = YES;
				ONLY_ACTIVE_ARCH = YES;
				SDKROOT = iphoneos;
				TARGETED_DEVICE_FAMILY = "1,2";
			};
			name = Debug;
		};
		054CC74E1D0292DD00526FF8 /* Release */ = {
			isa = XCBuildConfiguration;
			buildSettings = {
				ALWAYS_SEARCH_USER_PATHS = NO;
				CLANG_ANALYZER_NONNULL = YES;
				CLANG_CXX_LANGUAGE_STANDARD = "gnu++0x";
				CLANG_CXX_LIBRARY = "libc++";
				CLANG_ENABLE_MODULES = YES;
				CLANG_ENABLE_OBJC_ARC = YES;
				CLANG_WARN_BOOL_CONVERSION = YES;
				CLANG_WARN_CONSTANT_CONVERSION = YES;
				CLANG_WARN_DIRECT_OBJC_ISA_USAGE = YES_ERROR;
				CLANG_WARN_EMPTY_BODY = YES;
				CLANG_WARN_ENUM_CONVERSION = YES;
				CLANG_WARN_INT_CONVERSION = YES;
				CLANG_WARN_OBJC_ROOT_CLASS = YES_ERROR;
				CLANG_WARN_UNREACHABLE_CODE = YES;
				CLANG_WARN__DUPLICATE_METHOD_MATCH = YES;
				"CODE_SIGN_IDENTITY[sdk=iphoneos*]" = "iPhone Developer";
				COPY_PHASE_STRIP = NO;
				DEBUG_INFORMATION_FORMAT = "dwarf-with-dsym";
				ENABLE_NS_ASSERTIONS = NO;
				ENABLE_STRICT_OBJC_MSGSEND = YES;
				GCC_C_LANGUAGE_STANDARD = gnu99;
				GCC_NO_COMMON_BLOCKS = YES;
				GCC_WARN_64_TO_32_BIT_CONVERSION = YES;
				GCC_WARN_ABOUT_RETURN_TYPE = YES_ERROR;
				GCC_WARN_UNDECLARED_SELECTOR = YES;
				GCC_WARN_UNINITIALIZED_AUTOS = YES_AGGRESSIVE;
				GCC_WARN_UNUSED_FUNCTION = YES;
				GCC_WARN_UNUSED_VARIABLE = YES;
				IPHONEOS_DEPLOYMENT_TARGET = 9.3;
				MTL_ENABLE_DEBUG_INFO = NO;
				SDKROOT = iphoneos;
				TARGETED_DEVICE_FAMILY = "1,2";
				VALIDATE_PRODUCT = YES;
			};
			name = Release;
		};
		054CC7501D0292DD00526FF8 /* Debug */ = {
			isa = XCBuildConfiguration;
			baseConfigurationReference = 362C0FF6FF08196A5B417DF5 /* Pods-RememberMe.debug.xcconfig */;
			buildSettings = {
				ASSETCATALOG_COMPILER_APPICON_NAME = AppIcon;
				INFOPLIST_FILE = RememberMe/Info.plist;
				IPHONEOS_DEPLOYMENT_TARGET = 8.1;
				LD_RUNPATH_SEARCH_PATHS = "$(inherited) @executable_path/Frameworks";
				PRODUCT_BUNDLE_IDENTIFIER = com.sctest.RememberMe;
				PRODUCT_NAME = "$(TARGET_NAME)";
			};
			name = Debug;
		};
		054CC7511D0292DD00526FF8 /* Release */ = {
			isa = XCBuildConfiguration;
			baseConfigurationReference = 0B0E3B45EE2AA456F7B2E125 /* Pods-RememberMe.release.xcconfig */;
			buildSettings = {
				ASSETCATALOG_COMPILER_APPICON_NAME = AppIcon;
				INFOPLIST_FILE = RememberMe/Info.plist;
				IPHONEOS_DEPLOYMENT_TARGET = 8.1;
				LD_RUNPATH_SEARCH_PATHS = "$(inherited) @executable_path/Frameworks";
				PRODUCT_BUNDLE_IDENTIFIER = com.sctest.RememberMe;
				PRODUCT_NAME = "$(TARGET_NAME)";
			};
			name = Release;
		};
		054CC7531D0292DD00526FF8 /* Debug */ = {
			isa = XCBuildConfiguration;
			baseConfigurationReference = D034114837B8ED04E2E1CC98 /* Pods-RememberMeTests.debug.xcconfig */;
			buildSettings = {
				BUNDLE_LOADER = "$(TEST_HOST)";
				INFOPLIST_FILE = RememberMeTests/Info.plist;
				LD_RUNPATH_SEARCH_PATHS = "$(inherited) @executable_path/Frameworks @loader_path/Frameworks";
				PRODUCT_BUNDLE_IDENTIFIER = com.sctest.RememberMeTests;
				PRODUCT_NAME = "$(TARGET_NAME)";
				TEST_HOST = "$(BUILT_PRODUCTS_DIR)/RememberMe.app/RememberMe";
			};
			name = Debug;
		};
		054CC7541D0292DD00526FF8 /* Release */ = {
			isa = XCBuildConfiguration;
			baseConfigurationReference = CF46934D251D5A4EFFDA6DA8 /* Pods-RememberMeTests.release.xcconfig */;
			buildSettings = {
				BUNDLE_LOADER = "$(TEST_HOST)";
				INFOPLIST_FILE = RememberMeTests/Info.plist;
				LD_RUNPATH_SEARCH_PATHS = "$(inherited) @executable_path/Frameworks @loader_path/Frameworks";
				PRODUCT_BUNDLE_IDENTIFIER = com.sctest.RememberMeTests;
				PRODUCT_NAME = "$(TARGET_NAME)";
				TEST_HOST = "$(BUILT_PRODUCTS_DIR)/RememberMe.app/RememberMe";
			};
			name = Release;
		};
		054CC7561D0292DD00526FF8 /* Debug */ = {
			isa = XCBuildConfiguration;
			buildSettings = {
				INFOPLIST_FILE = RememberMeUITests/Info.plist;
				LD_RUNPATH_SEARCH_PATHS = "$(inherited) @executable_path/Frameworks @loader_path/Frameworks";
				PRODUCT_BUNDLE_IDENTIFIER = com.sctest.RememberMeUITests;
				PRODUCT_NAME = "$(TARGET_NAME)";
				TEST_TARGET_NAME = RememberMe;
			};
			name = Debug;
		};
		054CC7571D0292DD00526FF8 /* Release */ = {
			isa = XCBuildConfiguration;
			buildSettings = {
				INFOPLIST_FILE = RememberMeUITests/Info.plist;
				LD_RUNPATH_SEARCH_PATHS = "$(inherited) @executable_path/Frameworks @loader_path/Frameworks";
				PRODUCT_BUNDLE_IDENTIFIER = com.sctest.RememberMeUITests;
				PRODUCT_NAME = "$(TARGET_NAME)";
				TEST_TARGET_NAME = RememberMe;
			};
			name = Release;
		};
/* End XCBuildConfiguration section */

/* Begin XCConfigurationList section */
		054CC71D1D0292DD00526FF8 /* Build configuration list for PBXProject "RememberMe" */ = {
			isa = XCConfigurationList;
			buildConfigurations = (
				054CC74D1D0292DD00526FF8 /* Debug */,
				054CC74E1D0292DD00526FF8 /* Release */,
			);
			defaultConfigurationIsVisible = 0;
			defaultConfigurationName = Release;
		};
		054CC74F1D0292DD00526FF8 /* Build configuration list for PBXNativeTarget "RememberMe" */ = {
			isa = XCConfigurationList;
			buildConfigurations = (
				054CC7501D0292DD00526FF8 /* Debug */,
				054CC7511D0292DD00526FF8 /* Release */,
			);
			defaultConfigurationIsVisible = 0;
			defaultConfigurationName = Release;
		};
		054CC7521D0292DD00526FF8 /* Build configuration list for PBXNativeTarget "RememberMeTests" */ = {
			isa = XCConfigurationList;
			buildConfigurations = (
				054CC7531D0292DD00526FF8 /* Debug */,
				054CC7541D0292DD00526FF8 /* Release */,
			);
			defaultConfigurationIsVisible = 0;
			defaultConfigurationName = Release;
		};
		054CC7551D0292DD00526FF8 /* Build configuration list for PBXNativeTarget "RememberMeUITests" */ = {
			isa = XCConfigurationList;
			buildConfigurations = (
				054CC7561D0292DD00526FF8 /* Debug */,
				054CC7571D0292DD00526FF8 /* Release */,
			);
			defaultConfigurationIsVisible = 0;
			defaultConfigurationName = Release;
		};
/* End XCConfigurationList section */
	};
	rootObject = 054CC71A1D0292DD00526FF8 /* Project object */;
}
